
Microsoft Visual Studio Solution File, Format Version 12.00
# Visual Studio 15
VisualStudioVersion = 15.0.28307.136
MinimumVisualStudioVersion = 10.0.40219.1
Project("{8BC9CEB8-8B4A-11D0-8D11-00A0C91BC942}") = "AzureSphereLedLib", "AzureSphereLedLib\AzureSphereLedLib.vcxproj", "{1FAE6D33-FE41-4F24-B582-B46379E72418}"
EndProject
Global
	GlobalSection(SolutionConfigurationPlatforms) = preSolution
		Debug|ARM = Debug|ARM
		Release|ARM = Release|ARM
	EndGlobalSection
	GlobalSection(ProjectConfigurationPlatforms) = postSolution
		{1FAE6D33-FE41-4F24-B582-B46379E72418}.Debug|ARM.ActiveCfg = Debug|ARM
		{1FAE6D33-FE41-4F24-B582-B46379E72418}.Debug|ARM.Build.0 = Debug|ARM
		{1FAE6D33-FE41-4F24-B582-B46379E72418}.Release|ARM.ActiveCfg = Release|ARM
		{1FAE6D33-FE41-4F24-B582-B46379E72418}.Release|ARM.Build.0 = Release|ARM
	EndGlobalSection
	GlobalSection(SolutionProperties) = preSolution
		HideSolutionNode = FALSE
	EndGlobalSection
	GlobalSection(ExtensibilityGlobals) = postSolution
		SolutionGuid = {29E46F15-D467-4EA2-84C9-34CD610BF6AA}
	EndGlobalSection
EndGlobal
